
Microsoft Visual Studio Solution File, Format Version 12.00
# Visual Studio 15
VisualStudioVersion = 15.0.28307.1062
MinimumVisualStudioVersion = 10.0.40219.1
Project("{FAE04EC0-301F-11D3-BF4B-00C04F79EFBC}") = "DatasmithRhino6", "DatasmithRhino6.csproj", "{D1FDC795-B334-4933-B680-088119CDC6BB}"
EndProject
Global
	GlobalSection(SolutionConfigurationPlatforms) = preSolution
		Debug|Any CPU = Debug|Any CPU
		Development|Any CPU = Development|Any CPU
		Release|Any CPU = Release|Any CPU
	EndGlobalSection
	GlobalSection(ProjectConfigurationPlatforms) = postSolution
		{D1FDC795-B334-4933-B680-088119CDC6BB}.Debug|Any CPU.ActiveCfg = Debug|Any CPU
		{D1FDC795-B334-4933-B680-088119CDC6BB}.Debug|Any CPU.Build.0 = Debug|Any CPU
		{D1FDC795-B334-4933-B680-088119CDC6BB}.Development|Any CPU.ActiveCfg = Development|Any CPU
		{D1FDC795-B334-4933-B680-088119CDC6BB}.Development|Any CPU.Build.0 = Development|Any CPU
		{D1FDC795-B334-4933-B680-088119CDC6BB}.Release|Any CPU.ActiveCfg = Release|Any CPU
		{D1FDC795-B334-4933-B680-088119CDC6BB}.Release|Any CPU.Build.0 = Release|Any CPU
	EndGlobalSection
	GlobalSection(SolutionProperties) = preSolution
		HideSolutionNode = FALSE
	EndGlobalSection
	GlobalSection(ExtensibilityGlobals) = postSolution
		SolutionGuid = {1E09E4D5-9484-4BEB-AEF7-D372BB70A0D3}
	EndGlobalSection
EndGlobal
