
Microsoft Visual Studio Solution File, Format Version 12.00
# Visual Studio 15
VisualStudioVersion = 15.0.28307.1062
MinimumVisualStudioVersion = 10.0.40219.1
Project("{FAE04EC0-301F-11D3-BF4B-00C04F79EFBC}") = "DatasmithRhino5", "DatasmithRhino5.csproj", "{FB9A4610-A322-4E7F-8EED-9E29E01D12D8}"
EndProject
Global
	GlobalSection(SolutionConfigurationPlatforms) = preSolution
		Debug|Any CPU = Debug|Any CPU
		Release|Any CPU = Release|Any CPU
	EndGlobalSection
	GlobalSection(ProjectConfigurationPlatforms) = postSolution
		{FB9A4610-A322-4E7F-8EED-9E29E01D12D8}.Debug|Any CPU.ActiveCfg = Debug|Any CPU
		{FB9A4610-A322-4E7F-8EED-9E29E01D12D8}.Debug|Any CPU.Build.0 = Debug|Any CPU
		{FB9A4610-A322-4E7F-8EED-9E29E01D12D8}.Development|Any CPU.ActiveCfg = Development|Any CPU
		{FB9A4610-A322-4E7F-8EED-9E29E01D12D8}.Development|Any CPU.Build.0 = Development|Any CPU
		{FB9A4610-A322-4E7F-8EED-9E29E01D12D8}.Release|Any CPU.ActiveCfg = Release|Any CPU
		{FB9A4610-A322-4E7F-8EED-9E29E01D12D8}.Release|Any CPU.Build.0 = Release|Any CPU
	EndGlobalSection
	GlobalSection(SolutionProperties) = preSolution
		HideSolutionNode = FALSE
	EndGlobalSection
	GlobalSection(ExtensibilityGlobals) = postSolution
		SolutionGuid = {E2161582-9BF0-420A-A4CF-E2E2E38C872F}
	EndGlobalSection
EndGlobal
