
Microsoft Visual Studio Solution File, Format Version 12.00
# Visual Studio Version 16
VisualStudioVersion = 16.0.30517.126
MinimumVisualStudioVersion = 10.0.40219.1
Project("{9A19103F-16F7-4668-BE54-9A1E7A4F7556}") = "UnrealBuildToolCore", "UnrealBuildToolCore.csproj", "{241BABD5-53D3-4238-9E8E-5F649C10FB90}"
EndProject
Project("{9A19103F-16F7-4668-BE54-9A1E7A4F7556}") = "BuildUtilitiesCore", "..\DotNETCommon\BuildUtilities\BuildUtilitiesCore.csproj", "{75882F88-8F4E-469A-B74A-8A7E0C0E1A88}"
EndProject
Project("{9A19103F-16F7-4668-BE54-9A1E7A4F7556}") = "DotNETUtilitiesCore", "..\DotNETCommon\DotNETUtilities\DotNETUtilitiesCore.csproj", "{6165C311-AEEB-402A-89E1-69AF64AE5035}"
EndProject
Project("{FAE04EC0-301F-11D3-BF4B-00C04F79EFBC}") = "UnrealBuildToolTests", "..\UnrealBuildToolTests\UnrealBuildToolTests.csproj", "{3B158EAD-4D26-4608-B7AB-9AB7E028B489}"
EndProject
Global
	GlobalSection(SolutionConfigurationPlatforms) = preSolution
		Debug|Any CPU = Debug|Any CPU
		Development|Any CPU = Development|Any CPU
		Release|Any CPU = Release|Any CPU
	EndGlobalSection
	GlobalSection(ProjectConfigurationPlatforms) = postSolution
		{241BABD5-53D3-4238-9E8E-5F649C10FB90}.Debug|Any CPU.ActiveCfg = Debug|Any CPU
		{241BABD5-53D3-4238-9E8E-5F649C10FB90}.Debug|Any CPU.Build.0 = Debug|Any CPU
		{241BABD5-53D3-4238-9E8E-5F649C10FB90}.Development|Any CPU.ActiveCfg = Development|Any CPU
		{241BABD5-53D3-4238-9E8E-5F649C10FB90}.Development|Any CPU.Build.0 = Development|Any CPU
		{241BABD5-53D3-4238-9E8E-5F649C10FB90}.Release|Any CPU.ActiveCfg = Release|Any CPU
		{241BABD5-53D3-4238-9E8E-5F649C10FB90}.Release|Any CPU.Build.0 = Release|Any CPU
		{75882F88-8F4E-469A-B74A-8A7E0C0E1A88}.Debug|Any CPU.ActiveCfg = Debug|Any CPU
		{75882F88-8F4E-469A-B74A-8A7E0C0E1A88}.Debug|Any CPU.Build.0 = Debug|Any CPU
		{75882F88-8F4E-469A-B74A-8A7E0C0E1A88}.Development|Any CPU.ActiveCfg = Development|Any CPU
		{75882F88-8F4E-469A-B74A-8A7E0C0E1A88}.Development|Any CPU.Build.0 = Development|Any CPU
		{75882F88-8F4E-469A-B74A-8A7E0C0E1A88}.Release|Any CPU.ActiveCfg = Release|Any CPU
		{75882F88-8F4E-469A-B74A-8A7E0C0E1A88}.Release|Any CPU.Build.0 = Release|Any CPU
		{6165C311-AEEB-402A-89E1-69AF64AE5035}.Debug|Any CPU.ActiveCfg = Debug|Any CPU
		{6165C311-AEEB-402A-89E1-69AF64AE5035}.Debug|Any CPU.Build.0 = Debug|Any CPU
		{6165C311-AEEB-402A-89E1-69AF64AE5035}.Development|Any CPU.ActiveCfg = Development|Any CPU
		{6165C311-AEEB-402A-89E1-69AF64AE5035}.Development|Any CPU.Build.0 = Development|Any CPU
		{6165C311-AEEB-402A-89E1-69AF64AE5035}.Release|Any CPU.ActiveCfg = Release|Any CPU
		{6165C311-AEEB-402A-89E1-69AF64AE5035}.Release|Any CPU.Build.0 = Release|Any CPU
		{3B158EAD-4D26-4608-B7AB-9AB7E028B489}.Debug|Any CPU.ActiveCfg = Debug|Any CPU
		{3B158EAD-4D26-4608-B7AB-9AB7E028B489}.Debug|Any CPU.Build.0 = Debug|Any CPU
		{3B158EAD-4D26-4608-B7AB-9AB7E028B489}.Development|Any CPU.ActiveCfg = Debug|Any CPU
		{3B158EAD-4D26-4608-B7AB-9AB7E028B489}.Development|Any CPU.Build.0 = Debug|Any CPU
		{3B158EAD-4D26-4608-B7AB-9AB7E028B489}.Release|Any CPU.ActiveCfg = Release|Any CPU
		{3B158EAD-4D26-4608-B7AB-9AB7E028B489}.Release|Any CPU.Build.0 = Release|Any CPU
	EndGlobalSection
	GlobalSection(SolutionProperties) = preSolution
		HideSolutionNode = FALSE
	EndGlobalSection
	GlobalSection(ExtensibilityGlobals) = postSolution
		SolutionGuid = {56720C8D-2BBE-45D5-85A3-8E12E06D51DC}
	EndGlobalSection
EndGlobal
